<?xml version="1.0" encoding="utf-8"?>
<Project ToolsVersion="4.0" xmlns="http://schemas.microsoft.com/developer/msbuild/2003">
  <ItemGroup>
    <ClCompile Include="AABB.CPP" />
    <ClCompile Include="AABBLinkedList.cpp" />
    <ClCompile Include="AABBNode.cpp" />
    <ClCompile Include="camera.cpp" />
    <ClCompile Include="cameraMap.cpp" />
    <ClCompile Include="collision.cpp" />
    <ClCompile Include="debug\.NETFramework,Version=v4.0.AssemblyAttributes.cpp" />
    <ClCompile Include="DisplayShaysWorld.cpp" />
    <ClCompile Include="displayWrathWorld.cpp" />
    <ClCompile Include="EasySound.cpp" />
    <ClCompile Include="Enemy.cpp" />
    <ClCompile Include="Entity.cpp" />
    <ClCompile Include="lodepng.cpp" />
    <ClCompile Include="main.cpp" />
    <ClCompile Include="Pickups.cpp" />
    <ClCompile Include="PlainLinkedList.cpp" />
    <ClCompile Include="PlainNode.cpp" />
    <ClCompile Include="Player.cpp" />
    <ClCompile Include="point3D.cpp" />
    <ClCompile Include="Portal.cpp" />
    <ClCompile Include="projectile.cpp" />
    <ClCompile Include="Sound.cpp" />
    <ClCompile Include="SoundTime.cpp" />
    <ClCompile Include="texturedPolygons.cpp" />
    <ClCompile Include="userInterface.cpp" />
    <ClCompile Include="weapon.cpp" />
<<<<<<< HEAD
    <ClCompile Include="stb_image.cpp" />
=======
    <ClCompile Include="enemyBoss.cpp" />
>>>>>>> 9af41963373d23358230b58f4bd33b9af12d5751
  </ItemGroup>
  <ItemGroup>
    <ClInclude Include="AABB.H" />
    <ClInclude Include="AABBLinkedList.h" />
    <ClInclude Include="AABBNode.h" />
    <ClInclude Include="camera.h" />
    <ClInclude Include="cameraMap.h" />
    <ClInclude Include="collision.h" />
    <ClInclude Include="DisplayShaysWorld.h" />
    <ClInclude Include="displayWrathWorld.h" />
    <ClInclude Include="EasySound.h" />
    <ClInclude Include="Enemy.h" />
    <ClInclude Include="Entity.h" />
    <ClInclude Include="lodepng.h" />
    <ClInclude Include="Pickups.h" />
    <ClInclude Include="PlainLinkedList.h" />
    <ClInclude Include="PlainNode.h" />
    <ClInclude Include="Player.h" />
    <ClInclude Include="point3D.h" />
    <ClInclude Include="Portal.h" />
    <ClInclude Include="projectile.h" />
    <ClInclude Include="resource.h" />
    <ClInclude Include="resource1.h" />
    <ClInclude Include="resource2.h" />
    <ClInclude Include="Sound.h" />
    <ClInclude Include="SoundTime.h" />
    <ClInclude Include="texturedPolygons.h" />
    <ClInclude Include="ObjPicking.h" />
    <ClInclude Include="userInterface.h" />
    <ClInclude Include="weapon.h" />
<<<<<<< HEAD
    <ClInclude Include="stb_image.h" />
=======
    <ClInclude Include="enemyBoss.h" />
>>>>>>> 9af41963373d23358230b58f4bd33b9af12d5751
  </ItemGroup>
  <ItemGroup>
    <ResourceCompile Include="Resource.rc" />
    <ResourceCompile Include="Script1.rc" />
  </ItemGroup>
  <ItemGroup>
    <None Include=".DS_Store" />
  </ItemGroup>
</Project>